
Microsoft Visual Studio Solution File, Format Version 12.00
# Visual Studio Version 17
VisualStudioVersion = 17.0.31808.319
MinimumVisualStudioVersion = 10.0.40219.1
Project("{9A19103F-16F7-4668-BE54-9A1E7A4F7556}") = "GitActionSharp", "GitActionSharp\GitActionSharp.csproj", "{50A98A36-4BE5-4E2E-BC47-06DB8D1D2AF9}"
EndProject
Project("{2150E333-8FDC-42A3-9474-1A3956D46DE8}") = "Solution Items", "Solution Items", "{F9ACFD05-FEFC-4862-AD4B-C8CC77AA1E62}"
	ProjectSection(SolutionItems) = preProject
		.editorconfig = .editorconfig
		LICENSE = LICENSE
	EndProjectSection
EndProject
Project("{9A19103F-16F7-4668-BE54-9A1E7A4F7556}") = "GitActionSharp.Tests.Unit", "GitActionSharp.Tests.Unit\GitActionSharp.Tests.Unit.csproj", "{3366AD31-1D0D-435C-870F-45B240BCD2FB}"
EndProject
Global
	GlobalSection(SolutionConfigurationPlatforms) = preSolution
		Debug|Any CPU = Debug|Any CPU
		Release|Any CPU = Release|Any CPU
	EndGlobalSection
	GlobalSection(ProjectConfigurationPlatforms) = postSolution
		{50A98A36-4BE5-4E2E-BC47-06DB8D1D2AF9}.Debug|Any CPU.ActiveCfg = Debug|Any CPU
		{50A98A36-4BE5-4E2E-BC47-06DB8D1D2AF9}.Debug|Any CPU.Build.0 = Debug|Any CPU
		{50A98A36-4BE5-4E2E-BC47-06DB8D1D2AF9}.Release|Any CPU.ActiveCfg = Release|Any CPU
		{50A98A36-4BE5-4E2E-BC47-06DB8D1D2AF9}.Release|Any CPU.Build.0 = Release|Any CPU
		{3366AD31-1D0D-435C-870F-45B240BCD2FB}.Debug|Any CPU.ActiveCfg = Debug|Any CPU
		{3366AD31-1D0D-435C-870F-45B240BCD2FB}.Debug|Any CPU.Build.0 = Debug|Any CPU
		{3366AD31-1D0D-435C-870F-45B240BCD2FB}.Release|Any CPU.ActiveCfg = Release|Any CPU
		{3366AD31-1D0D-435C-870F-45B240BCD2FB}.Release|Any CPU.Build.0 = Release|Any CPU
	EndGlobalSection
	GlobalSection(SolutionProperties) = preSolution
		HideSolutionNode = FALSE
	EndGlobalSection
	GlobalSection(ExtensibilityGlobals) = postSolution
		SolutionGuid = {33768398-7273-470A-8829-09FA3E1133AB}
	EndGlobalSection
EndGlobal
